
Microsoft Visual Studio Solution File, Format Version 12.00
# Visual Studio 14
VisualStudioVersion = 14.0.25420.1
MinimumVisualStudioVersion = 10.0.40219.1
Project("{FAE04EC0-301F-11D3-BF4B-00C04F79EFBC}") = "WendtEquipmentTracking.App", "WendtEquipmentTracking\WendtEquipmentTracking.App.csproj", "{EC9C4AE3-F507-4611-97E5-3F22B845B79C}"
EndProject
Project("{FAE04EC0-301F-11D3-BF4B-00C04F79EFBC}") = "WendtEquipmentTracking.BusinessLogic", "WendtEquipmentTracking.BusinessLogic\WendtEquipmentTracking.BusinessLogic.csproj", "{CA59235B-95A5-4D50-8569-94E6BF32F82D}"
EndProject
Project("{FAE04EC0-301F-11D3-BF4B-00C04F79EFBC}") = "WendtEquipmentTracking.DataAccess.SQL", "WendtEquipmentTracking.DataAccess.SQL\WendtEquipmentTracking.DataAccess.SQL.csproj", "{FE54A48F-6B02-4462-B704-F3FC0E5249FC}"
EndProject
Project("{FAE04EC0-301F-11D3-BF4B-00C04F79EFBC}") = "WendtEquipmentTracking.Common", "WendtEquipmentTracking.Common\WendtEquipmentTracking.Common.csproj", "{CB9FB3F6-EC4C-45CD-AC4C-4E79DFC6F058}"
EndProject
Project("{FAE04EC0-301F-11D3-BF4B-00C04F79EFBC}") = "WendtEquipmentTracking.DataAccess.FileManagement", "WendtEquipmentTracking.DataAccess.FileManagement\WendtEquipmentTracking.DataAccess.FileManagement.csproj", "{9CB5AEA5-6786-497A-B67C-4F38CCA59456}"
EndProject
Global
	GlobalSection(SolutionConfigurationPlatforms) = preSolution
		Debug|Any CPU = Debug|Any CPU
		Release|Any CPU = Release|Any CPU
	EndGlobalSection
	GlobalSection(ProjectConfigurationPlatforms) = postSolution
		{EC9C4AE3-F507-4611-97E5-3F22B845B79C}.Debug|Any CPU.ActiveCfg = Debug|Any CPU
		{EC9C4AE3-F507-4611-97E5-3F22B845B79C}.Debug|Any CPU.Build.0 = Debug|Any CPU
		{EC9C4AE3-F507-4611-97E5-3F22B845B79C}.Release|Any CPU.ActiveCfg = Release|Any CPU
		{EC9C4AE3-F507-4611-97E5-3F22B845B79C}.Release|Any CPU.Build.0 = Release|Any CPU
		{CA59235B-95A5-4D50-8569-94E6BF32F82D}.Debug|Any CPU.ActiveCfg = Debug|Any CPU
		{CA59235B-95A5-4D50-8569-94E6BF32F82D}.Debug|Any CPU.Build.0 = Debug|Any CPU
		{CA59235B-95A5-4D50-8569-94E6BF32F82D}.Release|Any CPU.ActiveCfg = Release|Any CPU
		{CA59235B-95A5-4D50-8569-94E6BF32F82D}.Release|Any CPU.Build.0 = Release|Any CPU
		{FE54A48F-6B02-4462-B704-F3FC0E5249FC}.Debug|Any CPU.ActiveCfg = Debug|Any CPU
		{FE54A48F-6B02-4462-B704-F3FC0E5249FC}.Debug|Any CPU.Build.0 = Debug|Any CPU
		{FE54A48F-6B02-4462-B704-F3FC0E5249FC}.Release|Any CPU.ActiveCfg = Release|Any CPU
		{FE54A48F-6B02-4462-B704-F3FC0E5249FC}.Release|Any CPU.Build.0 = Release|Any CPU
		{CB9FB3F6-EC4C-45CD-AC4C-4E79DFC6F058}.Debug|Any CPU.ActiveCfg = Debug|Any CPU
		{CB9FB3F6-EC4C-45CD-AC4C-4E79DFC6F058}.Debug|Any CPU.Build.0 = Debug|Any CPU
		{CB9FB3F6-EC4C-45CD-AC4C-4E79DFC6F058}.Release|Any CPU.ActiveCfg = Release|Any CPU
		{CB9FB3F6-EC4C-45CD-AC4C-4E79DFC6F058}.Release|Any CPU.Build.0 = Release|Any CPU
		{9CB5AEA5-6786-497A-B67C-4F38CCA59456}.Debug|Any CPU.ActiveCfg = Debug|Any CPU
		{9CB5AEA5-6786-497A-B67C-4F38CCA59456}.Debug|Any CPU.Build.0 = Debug|Any CPU
		{9CB5AEA5-6786-497A-B67C-4F38CCA59456}.Release|Any CPU.ActiveCfg = Release|Any CPU
		{9CB5AEA5-6786-497A-B67C-4F38CCA59456}.Release|Any CPU.Build.0 = Release|Any CPU
	EndGlobalSection
	GlobalSection(SolutionProperties) = preSolution
		HideSolutionNode = FALSE
	EndGlobalSection
EndGlobal
